
Microsoft Visual Studio Solution File, Format Version 11.00
# Visual Studio 2010
Project("{FAE04EC0-301F-11D3-BF4B-00C04F79EFBC}") = "CodingExamples", "CodingExamples\CodingExamples.csproj", "{1340AD03-1F92-4CB2-8E20-2DBF8105CBB5}"
EndProject
Global
	GlobalSection(SolutionConfigurationPlatforms) = preSolution
		Debug|x86 = Debug|x86
		Release|x86 = Release|x86
	EndGlobalSection
	GlobalSection(ProjectConfigurationPlatforms) = postSolution
		{1340AD03-1F92-4CB2-8E20-2DBF8105CBB5}.Debug|x86.ActiveCfg = Debug|x86
		{1340AD03-1F92-4CB2-8E20-2DBF8105CBB5}.Debug|x86.Build.0 = Debug|x86
		{1340AD03-1F92-4CB2-8E20-2DBF8105CBB5}.Release|x86.ActiveCfg = Release|x86
		{1340AD03-1F92-4CB2-8E20-2DBF8105CBB5}.Release|x86.Build.0 = Release|x86
	EndGlobalSection
	GlobalSection(SolutionProperties) = preSolution
		HideSolutionNode = FALSE
	EndGlobalSection
EndGlobal
